
Microsoft Visual Studio Solution File, Format Version 12.00
# Visual Studio Version 16
VisualStudioVersion = 16.0.31729.503
MinimumVisualStudioVersion = 10.0.40219.1
Project("{FAE04EC0-301F-11D3-BF4B-00C04F79EFBC}") = "Botnet", "Botnet\Botnet.csproj", "{348EF369-B1AE-4F75-8D62-90BE2FA4C373}"
EndProject
Global
	GlobalSection(SolutionConfigurationPlatforms) = preSolution
		Debug|Any CPU = Debug|Any CPU
		Release|Any CPU = Release|Any CPU
	EndGlobalSection
	GlobalSection(ProjectConfigurationPlatforms) = postSolution
		{348EF369-B1AE-4F75-8D62-90BE2FA4C373}.Debug|Any CPU.ActiveCfg = Debug|Any CPU
		{348EF369-B1AE-4F75-8D62-90BE2FA4C373}.Debug|Any CPU.Build.0 = Debug|Any CPU
		{348EF369-B1AE-4F75-8D62-90BE2FA4C373}.Release|Any CPU.ActiveCfg = Release|Any CPU
		{348EF369-B1AE-4F75-8D62-90BE2FA4C373}.Release|Any CPU.Build.0 = Release|Any CPU
	EndGlobalSection
	GlobalSection(SolutionProperties) = preSolution
		HideSolutionNode = FALSE
	EndGlobalSection
	GlobalSection(ExtensibilityGlobals) = postSolution
		SolutionGuid = {FBCF0A84-3F87-4477-B208-2E333C08C47B}
	EndGlobalSection
EndGlobal
